
Microsoft Visual Studio Solution File, Format Version 12.00
# Visual Studio Version 16
VisualStudioVersion = 16.0.34031.81
MinimumVisualStudioVersion = 10.0.40219.1
Project("{FAE04EC0-301F-11D3-BF4B-00C04F79EFBC}") = "FCFS", "FCFS\FCFS.csproj", "{B025C6D6-3421-49F5-BF11-C727DFE7ADD6}"
EndProject
Global
	GlobalSection(SolutionConfigurationPlatforms) = preSolution
		Debug|Any CPU = Debug|Any CPU
		Release|Any CPU = Release|Any CPU
	EndGlobalSection
	GlobalSection(ProjectConfigurationPlatforms) = postSolution
		{B025C6D6-3421-49F5-BF11-C727DFE7ADD6}.Debug|Any CPU.ActiveCfg = Debug|Any CPU
		{B025C6D6-3421-49F5-BF11-C727DFE7ADD6}.Debug|Any CPU.Build.0 = Debug|Any CPU
		{B025C6D6-3421-49F5-BF11-C727DFE7ADD6}.Release|Any CPU.ActiveCfg = Release|Any CPU
		{B025C6D6-3421-49F5-BF11-C727DFE7ADD6}.Release|Any CPU.Build.0 = Release|Any CPU
	EndGlobalSection
	GlobalSection(SolutionProperties) = preSolution
		HideSolutionNode = FALSE
	EndGlobalSection
	GlobalSection(ExtensibilityGlobals) = postSolution
		SolutionGuid = {AD0A6C06-8105-4560-9D52-6EFB7AEB7C82}
	EndGlobalSection
EndGlobal
